
Microsoft Visual Studio Solution File, Format Version 12.00
# Visual Studio Version 16
VisualStudioVersion = 16.0.31205.134
MinimumVisualStudioVersion = 10.0.40219.1
Project("{888888A0-9F3D-457C-B088-3A5042F75D52}") = "auto_py_torrent", "auto_py_torrent.pyproj", "{16823F05-E280-4302-9C2A-C704CA8B29CA}"
EndProject
Global
	GlobalSection(SolutionConfigurationPlatforms) = preSolution
		Debug|Any CPU = Debug|Any CPU
		Release|Any CPU = Release|Any CPU
	EndGlobalSection
	GlobalSection(ProjectConfigurationPlatforms) = postSolution
		{16823F05-E280-4302-9C2A-C704CA8B29CA}.Debug|Any CPU.ActiveCfg = Debug|Any CPU
		{16823F05-E280-4302-9C2A-C704CA8B29CA}.Release|Any CPU.ActiveCfg = Release|Any CPU
	EndGlobalSection
	GlobalSection(SolutionProperties) = preSolution
		HideSolutionNode = FALSE
	EndGlobalSection
	GlobalSection(ExtensibilityGlobals) = postSolution
		SolutionGuid = {06869AA4-B542-46C1-AAC0-A52397FC5A95}
	EndGlobalSection
EndGlobal
